
Microsoft Visual Studio Solution File, Format Version 12.00
# Visual Studio Version 16
VisualStudioVersion = 16.0.30011.22
MinimumVisualStudioVersion = 10.0.40219.1
Project("{FAE04EC0-301F-11D3-BF4B-00C04F79EFBC}") = "MinimalWebApplication1", "MinimalWebApplication1\MinimalWebApplication1.csproj", "{E8E70C41-285B-4ED0-90C3-2FD0D7C8F1F2}"
EndProject
Project("{FAE04EC0-301F-11D3-BF4B-00C04F79EFBC}") = "FullWebApplication", "FullWebApplication\FullWebApplication.csproj", "{881EC526-96C8-40D5-A30D-3CFED21FA0E6}"
EndProject
Global
	GlobalSection(SolutionConfigurationPlatforms) = preSolution
		Debug|Any CPU = Debug|Any CPU
		Release|Any CPU = Release|Any CPU
	EndGlobalSection
	GlobalSection(ProjectConfigurationPlatforms) = postSolution
		{E8E70C41-285B-4ED0-90C3-2FD0D7C8F1F2}.Debug|Any CPU.ActiveCfg = Debug|Any CPU
		{E8E70C41-285B-4ED0-90C3-2FD0D7C8F1F2}.Debug|Any CPU.Build.0 = Debug|Any CPU
		{E8E70C41-285B-4ED0-90C3-2FD0D7C8F1F2}.Release|Any CPU.ActiveCfg = Release|Any CPU
		{E8E70C41-285B-4ED0-90C3-2FD0D7C8F1F2}.Release|Any CPU.Build.0 = Release|Any CPU
		{881EC526-96C8-40D5-A30D-3CFED21FA0E6}.Debug|Any CPU.ActiveCfg = Debug|Any CPU
		{881EC526-96C8-40D5-A30D-3CFED21FA0E6}.Debug|Any CPU.Build.0 = Debug|Any CPU
		{881EC526-96C8-40D5-A30D-3CFED21FA0E6}.Release|Any CPU.ActiveCfg = Release|Any CPU
		{881EC526-96C8-40D5-A30D-3CFED21FA0E6}.Release|Any CPU.Build.0 = Release|Any CPU
	EndGlobalSection
	GlobalSection(SolutionProperties) = preSolution
		HideSolutionNode = FALSE
	EndGlobalSection
	GlobalSection(ExtensibilityGlobals) = postSolution
		SolutionGuid = {DF48DBE3-B327-4BB5-BA4A-C476338C38EF}
	EndGlobalSection
EndGlobal
